
Microsoft Visual Studio Solution File, Format Version 12.00
# Visual Studio Version 17
VisualStudioVersion = 17.11.35327.3
MinimumVisualStudioVersion = 10.0.40219.1
Project("{9A19103F-16F7-4668-BE54-9A1E7A4F7556}") = "QuestionnaireApi", "QuestionnaireApi.csproj", "{969E6D13-8B89-4FA1-93D0-1198BBB32D5A}"
EndProject
Project("{FAE04EC0-301F-11D3-BF4B-00C04F79EFBC}") = "QuestionnaireApi.Tests", "..\QuetionnaireApi.Tests\QuestionnaireApi.Tests.csproj", "{1EE23E65-B3DB-4779-8794-F94DA8D2862F}"
EndProject
Global
	GlobalSection(SolutionConfigurationPlatforms) = preSolution
		Debug|Any CPU = Debug|Any CPU
		Release|Any CPU = Release|Any CPU
	EndGlobalSection
	GlobalSection(ProjectConfigurationPlatforms) = postSolution
		{969E6D13-8B89-4FA1-93D0-1198BBB32D5A}.Debug|Any CPU.ActiveCfg = Debug|Any CPU
		{969E6D13-8B89-4FA1-93D0-1198BBB32D5A}.Debug|Any CPU.Build.0 = Debug|Any CPU
		{969E6D13-8B89-4FA1-93D0-1198BBB32D5A}.Release|Any CPU.ActiveCfg = Release|Any CPU
		{969E6D13-8B89-4FA1-93D0-1198BBB32D5A}.Release|Any CPU.Build.0 = Release|Any CPU
		{1EE23E65-B3DB-4779-8794-F94DA8D2862F}.Debug|Any CPU.ActiveCfg = Debug|Any CPU
		{1EE23E65-B3DB-4779-8794-F94DA8D2862F}.Debug|Any CPU.Build.0 = Debug|Any CPU
		{1EE23E65-B3DB-4779-8794-F94DA8D2862F}.Release|Any CPU.ActiveCfg = Release|Any CPU
		{1EE23E65-B3DB-4779-8794-F94DA8D2862F}.Release|Any CPU.Build.0 = Release|Any CPU
	EndGlobalSection
	GlobalSection(SolutionProperties) = preSolution
		HideSolutionNode = FALSE
	EndGlobalSection
	GlobalSection(ExtensibilityGlobals) = postSolution
		SolutionGuid = {4FA08EEA-CDA5-452D-B023-0C5E9E214085}
	EndGlobalSection
EndGlobal
